
Microsoft Visual Studio Solution File, Format Version 12.00
# Visual Studio Version 17
VisualStudioVersion = 17.5.002.0
MinimumVisualStudioVersion = 10.0.40219.1
Project("{9A19103F-16F7-4668-BE54-9A1E7A4F7556}") = "TypeTwist", "TypeTwist\TypeTwist.csproj", "{A822DADD-6225-447E-93E6-4721CAF8AFE1}"
EndProject
Global
	GlobalSection(SolutionConfigurationPlatforms) = preSolution
		Debug|Any CPU = Debug|Any CPU
		Release|Any CPU = Release|Any CPU
	EndGlobalSection
	GlobalSection(ProjectConfigurationPlatforms) = postSolution
		{A822DADD-6225-447E-93E6-4721CAF8AFE1}.Debug|Any CPU.ActiveCfg = Debug|Any CPU
		{A822DADD-6225-447E-93E6-4721CAF8AFE1}.Debug|Any CPU.Build.0 = Debug|Any CPU
		{A822DADD-6225-447E-93E6-4721CAF8AFE1}.Release|Any CPU.ActiveCfg = Release|Any CPU
		{A822DADD-6225-447E-93E6-4721CAF8AFE1}.Release|Any CPU.Build.0 = Release|Any CPU
	EndGlobalSection
	GlobalSection(SolutionProperties) = preSolution
		HideSolutionNode = FALSE
	EndGlobalSection
	GlobalSection(ExtensibilityGlobals) = postSolution
		SolutionGuid = {60114D72-147C-4301-91D3-D7F00BCAC414}
	EndGlobalSection
EndGlobal
